
Microsoft Visual Studio Solution File, Format Version 12.00
# Visual Studio Version 17
VisualStudioVersion = 17.6.33801.468
MinimumVisualStudioVersion = 10.0.40219.1
Project("{9A19103F-16F7-4668-BE54-9A1E7A4F7556}") = "BookOfRecipes", "BookOfRecipes\BookOfRecipes.csproj", "{191D21D7-DCEA-4FFF-A48A-59BAD0FE557A}"
EndProject
Global
	GlobalSection(SolutionConfigurationPlatforms) = preSolution
		Debug|Any CPU = Debug|Any CPU
		Release|Any CPU = Release|Any CPU
	EndGlobalSection
	GlobalSection(ProjectConfigurationPlatforms) = postSolution
		{191D21D7-DCEA-4FFF-A48A-59BAD0FE557A}.Debug|Any CPU.ActiveCfg = Debug|Any CPU
		{191D21D7-DCEA-4FFF-A48A-59BAD0FE557A}.Debug|Any CPU.Build.0 = Debug|Any CPU
		{191D21D7-DCEA-4FFF-A48A-59BAD0FE557A}.Release|Any CPU.ActiveCfg = Release|Any CPU
		{191D21D7-DCEA-4FFF-A48A-59BAD0FE557A}.Release|Any CPU.Build.0 = Release|Any CPU
	EndGlobalSection
	GlobalSection(SolutionProperties) = preSolution
		HideSolutionNode = FALSE
	EndGlobalSection
	GlobalSection(ExtensibilityGlobals) = postSolution
		SolutionGuid = {7285CD29-2403-42FF-BD31-6A078F9D312C}
	EndGlobalSection
EndGlobal
